// !$*UTF8*$!
{
	archiveVersion = 1;
	classes = {
	};
	objectVersion = 46;
	objects = {

/* Begin PBXBuildFile section */
		F202490E1E8DC759006A37FC /* AppDelegate.swift in Sources */ = {isa = PBXBuildFile; fileRef = F202490D1E8DC759006A37FC /* AppDelegate.swift */; };
		F20249101E8DC759006A37FC /* ViewController.swift in Sources */ = {isa = PBXBuildFile; fileRef = F202490F1E8DC759006A37FC /* ViewController.swift */; };
		F20249131E8DC759006A37FC /* Main.storyboard in Resources */ = {isa = PBXBuildFile; fileRef = F20249111E8DC759006A37FC /* Main.storyboard */; };
		F20249151E8DC759006A37FC /* Assets.xcassets in Resources */ = {isa = PBXBuildFile; fileRef = F20249141E8DC759006A37FC /* Assets.xcassets */; };
		F20249181E8DC759006A37FC /* LaunchScreen.storyboard in Resources */ = {isa = PBXBuildFile; fileRef = F20249161E8DC759006A37FC /* LaunchScreen.storyboard */; };
		F20249201E8DC784006A37FC /* questionPicker.swift in Sources */ = {isa = PBXBuildFile; fileRef = F202491F1E8DC784006A37FC /* questionPicker.swift */; };
/* End PBXBuildFile section */

/* Begin PBXFileReference section */
		F202490A1E8DC759006A37FC /* My Quiz App.app */ = {isa = PBXFileReference; explicitFileType = wrapper.application; includeInIndex = 0; path = "My Quiz App.app"; sourceTree = BUILT_PRODUCTS_DIR; };
		F202490D1E8DC759006A37FC /* AppDelegate.swift */ = {isa = PBXFileReference; lastKnownFileType = sourcecode.swift; path = AppDelegate.swift; sourceTree = "<group>"; };
		F202490F1E8DC759006A37FC /* ViewController.swift */ = {isa = PBXFileReference; lastKnownFileType = sourcecode.swift; path = ViewController.swift; sourceTree = "<group>"; };
		F20249121E8DC759006A37FC /* Base */ = {isa = PBXFileReference; lastKnownFileType = file.storyboard; name = Base; path = Base.lproj/Main.storyboard; sourceTree = "<group>"; };
		F20249141E8DC759006A37FC /* Assets.xcassets */ = {isa = PBXFileReference; lastKnownFileType = folder.assetcatalog; path = Assets.xcassets; sourceTree = "<group>"; };
		F20249171E8DC759006A37FC /* Base */ = {isa = PBXFileReference; lastKnownFileType = file.storyboard; name = Base; path = Base.lproj/LaunchScreen.storyboard; sourceTree = "<group>"; };
		F20249191E8DC759006A37FC /* Info.plist */ = {isa = PBXFileReference; lastKnownFileType = text.plist.xml; path = Info.plist; sourceTree = "<group>"; };
		F202491F1E8DC784006A37FC /* questionPicker.swift */ = {isa = PBXFileReference; fileEncoding = 4; lastKnownFileType = sourcecode.swift; path = questionPicker.swift; sourceTree = "<group>"; };
/* End PBXFileReference section */

/* Begin PBXFrameworksBuildPhase section */
		F20249071E8DC759006A37FC /* Frameworks */ = {
			isa = PBXFrameworksBuildPhase;
			buildActionMask = 2147483647;
			files = (
			);
			runOnlyForDeploymentPostprocessing = 0;
		};
/* End PBXFrameworksBuildPhase section */

/* Begin PBXGroup section */
		F20249011E8DC759006A37FC = {
			isa = PBXGroup;
			children = (
				F202490C1E8DC759006A37FC /* My Quiz App */,
				F202490B1E8DC759006A37FC /* Products */,
			);
			sourceTree = "<group>";
		};
		F202490B1E8DC759006A37FC /* Products */ = {
			isa = PBXGroup;
			children = (
				F202490A1E8DC759006A37FC /* My Quiz App.app */,
			);
			name = Products;
			sourceTree = "<group>";
		};
		F202490C1E8DC759006A37FC /* My Quiz App */ = {
			isa = PBXGroup;
			children = (
				F202490D1E8DC759006A37FC /* AppDelegate.swift */,
				F202491F1E8DC784006A37FC /* questionPicker.swift */,
				F202490F1E8DC759006A37FC /* ViewController.swift */,
				F20249111E8DC759006A37FC /* Main.storyboard */,
				F20249141E8DC759006A37FC /* Assets.xcassets */,
				F20249161E8DC759006A37FC /* LaunchScreen.storyboard */,
				F20249191E8DC759006A37FC /* Info.plist */,
			);
			path = "My Quiz App";
			sourceTree = "<group>";
		};
/* End PBXGroup section */

/* Begin PBXNativeTarget section */
		F20249091E8DC759006A37FC /* My Quiz App */ = {
			isa = PBXNativeTarget;
			buildConfigurationList = F202491C1E8DC759006A37FC /* Build configuration list for PBXNativeTarget "My Quiz App" */;
			buildPhases = (
				F20249061E8DC759006A37FC /* Sources */,
				F20249071E8DC759006A37FC /* Frameworks */,
				F20249081E8DC759006A37FC /* Resources */,
			);
			buildRules = (
			);
			dependencies = (
			);
			name = "My Quiz App";
			productName = "My Quiz App";
			productReference = F202490A1E8DC759006A37FC /* My Quiz App.app */;
			productType = "com.apple.product-type.application";
		};
/* End PBXNativeTarget section */

/* Begin PBXProject section */
		F20249021E8DC759006A37FC /* Project object */ = {
			isa = PBXProject;
			attributes = {
				LastSwiftUpdateCheck = 0820;
				LastUpgradeCheck = 0820;
				ORGANIZATIONNAME = Callum;
				TargetAttributes = {
					F20249091E8DC759006A37FC = {
						CreatedOnToolsVersion = 8.2.1;
						DevelopmentTeam = 832845V3EK;
						ProvisioningStyle = Automatic;
					};
				};
			};
			buildConfigurationList = F20249051E8DC759006A37FC /* Build configuration list for PBXProject "My Quiz App" */;
			compatibilityVersion = "Xcode 3.2";
			developmentRegion = English;
			hasScannedForEncodings = 0;
			knownRegions = (
				en,
				Base,
			);
			mainGroup = F20249011E8DC759006A37FC;
			productRefGroup = F202490B1E8DC759006A37FC /* Products */;
			projectDirPath = "";
			projectRoot = "";
			targets = (
				F20249091E8DC759006A37FC /* My Quiz App */,
			);
		};
/* End PBXProject section */

/* Begin PBXResourcesBuildPhase section */
		F20249081E8DC759006A37FC /* Resources */ = {
			isa = PBXResourcesBuildPhase;
			buildActionMask = 2147483647;
			files = (
				F20249181E8DC759006A37FC /* LaunchScreen.storyboard in Resources */,
				F20249151E8DC759006A37FC /* Assets.xcassets in Resources */,
				F20249131E8DC759006A37FC /* Main.storyboard in Resources */,
			);
			runOnlyForDeploymentPostprocessing = 0;
		};
/* End PBXResourcesBuildPhase section */

/* Begin PBXSourcesBuildPhase section */
		F20249061E8DC759006A37FC /* Sources */ = {
			isa = PBXSourcesBuildPhase;
			buildActionMask = 2147483647;
			files = (
				F20249101E8DC759006A37FC /* ViewController.swift in Sources */,
				F202490E1E8DC759006A37FC /* AppDelegate.swift in Sources */,
				F20249201E8DC784006A37FC /* questionPicker.swift in Sources */,
			);
			runOnlyForDeploymentPostprocessing = 0;
		};
/* End PBXSourcesBuildPhase section */

/* Begin PBXVariantGroup section */
		F20249111E8DC759006A37FC /* Main.storyboard */ = {
			isa = PBXVariantGroup;
			children = (
				F20249121E8DC759006A37FC /* Base */,
			);
			name = Main.storyboard;
			sourceTree = "<group>";
		};
		F20249161E8DC759006A37FC /* LaunchScreen.storyboard */ = {
			isa = PBXVariantGroup;
			children = (
				F20249171E8DC759006A37FC /* Base */,
			);
			name = LaunchScreen.storyboard;
			sourceTree = "<group>";
		};
/* End PBXVariantGroup section */

/* Begin XCBuildConfiguration section */
		F202491A1E8DC759006A37FC /* Debug */ = {
			isa = XCBuildConfiguration;
			buildSettings = {
				ALWAYS_SEARCH_USER_PATHS = NO;
				CLANG_ANALYZER_NONNULL = YES;
				CLANG_CXX_LANGUAGE_STANDARD = "gnu++0x";
				CLANG_CXX_LIBRARY = "libc++";
				CLANG_ENABLE_MODULES = YES;
				CLANG_ENABLE_OBJC_ARC = YES;
				CLANG_WARN_BOOL_CONVERSION = YES;
				CLANG_WARN_CONSTANT_CONVERSION = YES;
				CLANG_WARN_DIRECT_OBJC_ISA_USAGE = YES_ERROR;
				CLANG_WARN_DOCUMENTATION_COMMENTS = YES;
				CLANG_WARN_EMPTY_BODY = YES;
				CLANG_WARN_ENUM_CONVERSION = YES;
				CLANG_WARN_INFINITE_RECURSION = YES;
				CLANG_WARN_INT_CONVERSION = YES;
				CLANG_WARN_OBJC_ROOT_CLASS = YES_ERROR;
				CLANG_WARN_SUSPICIOUS_MOVE = YES;
				CLANG_WARN_UNREACHABLE_CODE = YES;
				CLANG_WARN__DUPLICATE_METHOD_MATCH = YES;
				"CODE_SIGN_IDENTITY[sdk=iphoneos*]" = "iPhone Developer";
				COPY_PHASE_STRIP = NO;
				DEBUG_INFORMATION_FORMAT = dwarf;
				ENABLE_STRICT_OBJC_MSGSEND = YES;
				ENABLE_TESTABILITY = YES;
				GCC_C_LANGUAGE_STANDARD = gnu99;
				GCC_DYNAMIC_NO_PIC = NO;
				GCC_NO_COMMON_BLOCKS = YES;
				GCC_OPTIMIZATION_LEVEL = 0;
				GCC_PREPROCESSOR_DEFINITIONS = (
					"DEBUG=1",
					"$(inherited)",
				);
				GCC_WARN_64_TO_32_BIT_CONVERSION = YES;
				GCC_WARN_ABOUT_RETURN_TYPE = YES_ERROR;
				GCC_WARN_UNDECLARED_SELECTOR = YES;
				GCC_WARN_UNINITIALIZED_AUTOS = YES_AGGRESSIVE;
				GCC_WARN_UNUSED_FUNCTION = YES;
				GCC_WARN_UNUSED_VARIABLE = YES;
				IPHONEOS_DEPLOYMENT_TARGET = 10.2;
				MTL_ENABLE_DEBUG_INFO = YES;
				ONLY_ACTIVE_ARCH = YES;
				SDKROOT = iphoneos;
				SWIFT_ACTIVE_COMPILATION_CONDITIONS = DEBUG;
				SWIFT_OPTIMIZATION_LEVEL = "-Onone";
			};
			name = Debug;
		};
		F202491B1E8DC759006A37FC /* Release */ = {
			isa = XCBuildConfiguration;
			buildSettings = {
				ALWAYS_SEARCH_USER_PATHS = NO;
				CLANG_ANALYZER_NONNULL = YES;
				CLANG_CXX_LANGUAGE_STANDARD = "gnu++0x";
				CLANG_CXX_LIBRARY = "libc++";
				CLANG_ENABLE_MODULES = YES;
				CLANG_ENABLE_OBJC_ARC = YES;
				CLANG_WARN_BOOL_CONVERSION = YES;
				CLANG_WARN_CONSTANT_CONVERSION = YES;
				CLANG_WARN_DIRECT_OBJC_ISA_USAGE = YES_ERROR;
				CLANG_WARN_DOCUMENTATION_COMMENTS = YES;
				CLANG_WARN_EMPTY_BODY = YES;
				CLANG_WARN_ENUM_CONVERSION = YES;
				CLANG_WARN_INFINITE_RECURSION = YES;
				CLANG_WARN_INT_CONVERSION = YES;
				CLANG_WARN_OBJC_ROOT_CLASS = YES_ERROR;
				CLANG_WARN_SUSPICIOUS_MOVE = YES;
				CLANG_WARN_UNREACHABLE_CODE = YES;
				CLANG_WARN__DUPLICATE_METHOD_MATCH = YES;
				"CODE_SIGN_IDENTITY[sdk=iphoneos*]" = "iPhone Developer";
				COPY_PHASE_STRIP = NO;
				DEBUG_INFORMATION_FORMAT = "dwarf-with-dsym";
				ENABLE_NS_ASSERTIONS = NO;
				ENABLE_STRICT_OBJC_MSGSEND = YES;
				GCC_C_LANGUAGE_STANDARD = gnu99;
				GCC_NO_COMMON_BLOCKS = YES;
				GCC_WARN_64_TO_32_BIT_CONVERSION = YES;
				GCC_WARN_ABOUT_RETURN_TYPE = YES_ERROR;
				GCC_WARN_UNDECLARED_SELECTOR = YES;
				GCC_WARN_UNINITIALIZED_AUTOS = YES_AGGRESSIVE;
				GCC_WARN_UNUSED_FUNCTION = YES;
				GCC_WARN_UNUSED_VARIABLE = YES;
				IPHONEOS_DEPLOYMENT_TARGET = 10.2;
				MTL_ENABLE_DEBUG_INFO = NO;
				SDKROOT = iphoneos;
				SWIFT_OPTIMIZATION_LEVEL = "-Owholemodule";
				VALIDATE_PRODUCT = YES;
			};
			name = Release;
		};
		F202491D1E8DC759006A37FC /* Debug */ = {
			isa = XCBuildConfiguration;
			buildSettings = {
				ASSETCATALOG_COMPILER_APPICON_NAME = AppIcon;
				DEVELOPMENT_TEAM = 832845V3EK;
				INFOPLIST_FILE = "My Quiz App/Info.plist";
				LD_RUNPATH_SEARCH_PATHS = "$(inherited) @executable_path/Frameworks";
				PRODUCT_BUNDLE_IDENTIFIER = "Callum-Obrien.My-Quiz-App";
				PRODUCT_NAME = "$(TARGET_NAME)";
				SWIFT_VERSION = 3.0;
			};
			name = Debug;
		};
		F202491E1E8DC759006A37FC /* Release */ = {
			isa = XCBuildConfiguration;
			buildSettings = {
				ASSETCATALOG_COMPILER_APPICON_NAME = AppIcon;
				DEVELOPMENT_TEAM = 832845V3EK;
				INFOPLIST_FILE = "My Quiz App/Info.plist";
				LD_RUNPATH_SEARCH_PATHS = "$(inherited) @executable_path/Frameworks";
				PRODUCT_BUNDLE_IDENTIFIER = "Callum-Obrien.My-Quiz-App";
				PRODUCT_NAME = "$(TARGET_NAME)";
				SWIFT_VERSION = 3.0;
			};
			name = Release;
		};
/* End XCBuildConfiguration section */

/* Begin XCConfigurationList section */
		F20249051E8DC759006A37FC /* Build configuration list for PBXProject "My Quiz App" */ = {
			isa = XCConfigurationList;
			buildConfigurations = (
				F202491A1E8DC759006A37FC /* Debug */,
				F202491B1E8DC759006A37FC /* Release */,
			);
			defaultConfigurationIsVisible = 0;
			defaultConfigurationName = Release;
		};
		F202491C1E8DC759006A37FC /* Build configuration list for PBXNativeTarget "My Quiz App" */ = {
			isa = XCConfigurationList;
			buildConfigurations = (
				F202491D1E8DC759006A37FC /* Debug */,
				F202491E1E8DC759006A37FC /* Release */,
			);
			defaultConfigurationIsVisible = 0;
		};
/* End XCConfigurationList section */
	};
	rootObject = F20249021E8DC759006A37FC /* Project object */;
}
